// !$*UTF8*$!
{
	archiveVersion = 1;
	classes = {
	};
	objectVersion = 46;
	objects = {

/* Begin PBXBuildFile section */
		A408315C1C5A8C840008EC9F /* loader_green.gif in Resources */ = {isa = PBXBuildFile; fileRef = A408315B1C5A8C840008EC9F /* loader_green.gif */; };
		A41FEF631C596DDC00ADB864 /* GLTCConstants.swift in Sources */ = {isa = PBXBuildFile; fileRef = A41FEF621C596DDC00ADB864 /* GLTCConstants.swift */; };
		A42E22811C5156C1000171BB /* CreditsViewController.swift in Sources */ = {isa = PBXBuildFile; fileRef = A42E22801C5156C1000171BB /* CreditsViewController.swift */; };
		A43137AA1C502642001FEB75 /* gltc_bylaws.pdf in Resources */ = {isa = PBXBuildFile; fileRef = A43137A91C502642001FEB75 /* gltc_bylaws.pdf */; };
		A43137AC1C502689001FEB75 /* BylawsViewController.swift in Sources */ = {isa = PBXBuildFile; fileRef = A43137AB1C502689001FEB75 /* BylawsViewController.swift */; };
		A4721EF21C4FFADC00EB62AC /* GLTCDataLoader.swift in Sources */ = {isa = PBXBuildFile; fileRef = A4721EF11C4FFADC00EB62AC /* GLTCDataLoader.swift */; };
		A47262C11C49A6FE007DE47C /* RoundedButton.swift in Sources */ = {isa = PBXBuildFile; fileRef = A47262C01C49A6FE007DE47C /* RoundedButton.swift */; };
		A482AC2C1C50721400892F16 /* EventsViewController.swift in Sources */ = {isa = PBXBuildFile; fileRef = A482AC2B1C50721400892F16 /* EventsViewController.swift */; };
		A482AC2E1C50728B00892F16 /* GLTCEvent.swift in Sources */ = {isa = PBXBuildFile; fileRef = A482AC2D1C50728B00892F16 /* GLTCEvent.swift */; };
		A482AC301C5073A100892F16 /* EventsContentViewController.swift in Sources */ = {isa = PBXBuildFile; fileRef = A482AC2F1C5073A100892F16 /* EventsContentViewController.swift */; };
		A4AFCBB51C57DDBB000ACE4E /* CalendarViewController.swift in Sources */ = {isa = PBXBuildFile; fileRef = A4AFCBB41C57DDBB000ACE4E /* CalendarViewController.swift */; };
		A4AFCBB71C57DDE8000ACE4E /* gltc_calendar_2016.pdf in Resources */ = {isa = PBXBuildFile; fileRef = A4AFCBB61C57DDE8000ACE4E /* gltc_calendar_2016.pdf */; };
		A4C9EEA91C494BC200B7067E /* SponsorsViewController.swift in Sources */ = {isa = PBXBuildFile; fileRef = A4C9EEA81C494BC200B7067E /* SponsorsViewController.swift */; };
		A4C9EEAB1C494C3800B7067E /* GLTCSponsor.swift in Sources */ = {isa = PBXBuildFile; fileRef = A4C9EEAA1C494C3800B7067E /* GLTCSponsor.swift */; };
		A4C9EEAD1C4951BC00B7067E /* SponsorCell.swift in Sources */ = {isa = PBXBuildFile; fileRef = A4C9EEAC1C4951BC00B7067E /* SponsorCell.swift */; };
		A4D086E31C4EBE5300F0675A /* NewsViewController.swift in Sources */ = {isa = PBXBuildFile; fileRef = A4D086E21C4EBE5300F0675A /* NewsViewController.swift */; };
		A4D086E51C4EC05300F0675A /* NewsContentViewController.swift in Sources */ = {isa = PBXBuildFile; fileRef = A4D086E41C4EC05300F0675A /* NewsContentViewController.swift */; };
		A4D086E71C4ECF4000F0675A /* GLTCNews.swift in Sources */ = {isa = PBXBuildFile; fileRef = A4D086E61C4ECF4000F0675A /* GLTCNews.swift */; };
		A4DB2D931C581F1D00219F42 /* ColorUtil.swift in Sources */ = {isa = PBXBuildFile; fileRef = A4DB2D921C581F1D00219F42 /* ColorUtil.swift */; };
		A4DFFDD21C56BC2B00336F21 /* TelanganaHistoryViewController.swift in Sources */ = {isa = PBXBuildFile; fileRef = A4DFFDD11C56BC2B00336F21 /* TelanganaHistoryViewController.swift */; };
		A4E01D841C557784002DD247 /* VideoCell.swift in Sources */ = {isa = PBXBuildFile; fileRef = A4E01D831C557784002DD247 /* VideoCell.swift */; };
		A4E01D861C557E1A002DD247 /* GLTCVideo.swift in Sources */ = {isa = PBXBuildFile; fileRef = A4E01D851C557E1A002DD247 /* GLTCVideo.swift */; };
		A4E9F1E21C4F367800389995 /* VideoViewController.swift in Sources */ = {isa = PBXBuildFile; fileRef = A4E9F1E11C4F367800389995 /* VideoViewController.swift */; };
		A4EBC9171C488FB5007973E3 /* AppDelegate.swift in Sources */ = {isa = PBXBuildFile; fileRef = A4EBC9161C488FB5007973E3 /* AppDelegate.swift */; };
		A4EBC9191C488FB5007973E3 /* HomeViewController.swift in Sources */ = {isa = PBXBuildFile; fileRef = A4EBC9181C488FB5007973E3 /* HomeViewController.swift */; };
		A4EBC91C1C488FB5007973E3 /* Main.storyboard in Resources */ = {isa = PBXBuildFile; fileRef = A4EBC91A1C488FB5007973E3 /* Main.storyboard */; };
		A4EBC91E1C488FB5007973E3 /* Assets.xcassets in Resources */ = {isa = PBXBuildFile; fileRef = A4EBC91D1C488FB5007973E3 /* Assets.xcassets */; };
		A4EBC9211C488FB5007973E3 /* LaunchScreen.storyboard in Resources */ = {isa = PBXBuildFile; fileRef = A4EBC91F1C488FB5007973E3 /* LaunchScreen.storyboard */; };
		A4EBC92D1C489045007973E3 /* GLTCCommittee.swift in Sources */ = {isa = PBXBuildFile; fileRef = A4EBC92B1C489045007973E3 /* GLTCCommittee.swift */; };
		A4EBC92E1C489045007973E3 /* GLTCCommitteeMember.swift in Sources */ = {isa = PBXBuildFile; fileRef = A4EBC92C1C489045007973E3 /* GLTCCommitteeMember.swift */; };
		A4EBC9301C48907B007973E3 /* CommitteeMemberCell.swift in Sources */ = {isa = PBXBuildFile; fileRef = A4EBC92F1C48907B007973E3 /* CommitteeMemberCell.swift */; };
		A4EBC9351C4890EA007973E3 /* CommitteViewController.swift in Sources */ = {isa = PBXBuildFile; fileRef = A4EBC9331C4890EA007973E3 /* CommitteViewController.swift */; };
		A4EBC9361C4890EA007973E3 /* ContactUsViewController.swift in Sources */ = {isa = PBXBuildFile; fileRef = A4EBC9341C4890EA007973E3 /* ContactUsViewController.swift */; };
		A4EBC93B1C48913D007973E3 /* SWRevealViewController.m in Sources */ = {isa = PBXBuildFile; fileRef = A4EBC93A1C48913D007973E3 /* SWRevealViewController.m */; };
		A9D760AD4B6D0E623A003AA8 /* Pods_GLTC.framework in Frameworks */ = {isa = PBXBuildFile; fileRef = C45475C6ED013930DB6FA45E /* Pods_GLTC.framework */; };
/* End PBXBuildFile section */

/* Begin PBXFileReference section */
		1DD81F629387961327E76569 /* Pods-GLTC.debug.xcconfig */ = {isa = PBXFileReference; includeInIndex = 1; lastKnownFileType = text.xcconfig; name = "Pods-GLTC.debug.xcconfig"; path = "Pods/Target Support Files/Pods-GLTC/Pods-GLTC.debug.xcconfig"; sourceTree = "<group>"; };
		4202E7E09DEA4D91EF3EDB5D /* Pods-GLTC.release.xcconfig */ = {isa = PBXFileReference; includeInIndex = 1; lastKnownFileType = text.xcconfig; name = "Pods-GLTC.release.xcconfig"; path = "Pods/Target Support Files/Pods-GLTC/Pods-GLTC.release.xcconfig"; sourceTree = "<group>"; };
		A40831571C5A87380008EC9F /* ImageIO.framework */ = {isa = PBXFileReference; lastKnownFileType = wrapper.framework; name = ImageIO.framework; path = System/Library/Frameworks/ImageIO.framework; sourceTree = SDKROOT; };
		A408315B1C5A8C840008EC9F /* loader_green.gif */ = {isa = PBXFileReference; lastKnownFileType = image.gif; path = loader_green.gif; sourceTree = "<group>"; };
		A41FEF621C596DDC00ADB864 /* GLTCConstants.swift */ = {isa = PBXFileReference; fileEncoding = 4; lastKnownFileType = sourcecode.swift; path = GLTCConstants.swift; sourceTree = "<group>"; };
		A42E22801C5156C1000171BB /* CreditsViewController.swift */ = {isa = PBXFileReference; fileEncoding = 4; lastKnownFileType = sourcecode.swift; path = CreditsViewController.swift; sourceTree = "<group>"; };
		A43137A91C502642001FEB75 /* gltc_bylaws.pdf */ = {isa = PBXFileReference; lastKnownFileType = image.pdf; path = gltc_bylaws.pdf; sourceTree = "<group>"; };
		A43137AB1C502689001FEB75 /* BylawsViewController.swift */ = {isa = PBXFileReference; fileEncoding = 4; lastKnownFileType = sourcecode.swift; path = BylawsViewController.swift; sourceTree = "<group>"; };
		A4721EF11C4FFADC00EB62AC /* GLTCDataLoader.swift */ = {isa = PBXFileReference; fileEncoding = 4; lastKnownFileType = sourcecode.swift; path = GLTCDataLoader.swift; sourceTree = "<group>"; };
		A47262C01C49A6FE007DE47C /* RoundedButton.swift */ = {isa = PBXFileReference; fileEncoding = 4; lastKnownFileType = sourcecode.swift; path = RoundedButton.swift; sourceTree = "<group>"; };
		A482AC2B1C50721400892F16 /* EventsViewController.swift */ = {isa = PBXFileReference; fileEncoding = 4; lastKnownFileType = sourcecode.swift; path = EventsViewController.swift; sourceTree = "<group>"; };
		A482AC2D1C50728B00892F16 /* GLTCEvent.swift */ = {isa = PBXFileReference; fileEncoding = 4; lastKnownFileType = sourcecode.swift; path = GLTCEvent.swift; sourceTree = "<group>"; };
		A482AC2F1C5073A100892F16 /* EventsContentViewController.swift */ = {isa = PBXFileReference; fileEncoding = 4; lastKnownFileType = sourcecode.swift; path = EventsContentViewController.swift; sourceTree = "<group>"; };
		A4AFCBB41C57DDBB000ACE4E /* CalendarViewController.swift */ = {isa = PBXFileReference; fileEncoding = 4; lastKnownFileType = sourcecode.swift; path = CalendarViewController.swift; sourceTree = "<group>"; };
		A4AFCBB61C57DDE8000ACE4E /* gltc_calendar_2016.pdf */ = {isa = PBXFileReference; lastKnownFileType = image.pdf; path = gltc_calendar_2016.pdf; sourceTree = "<group>"; };
		A4C9EEA81C494BC200B7067E /* SponsorsViewController.swift */ = {isa = PBXFileReference; fileEncoding = 4; lastKnownFileType = sourcecode.swift; path = SponsorsViewController.swift; sourceTree = "<group>"; };
		A4C9EEAA1C494C3800B7067E /* GLTCSponsor.swift */ = {isa = PBXFileReference; fileEncoding = 4; lastKnownFileType = sourcecode.swift; path = GLTCSponsor.swift; sourceTree = "<group>"; };
		A4C9EEAC1C4951BC00B7067E /* SponsorCell.swift */ = {isa = PBXFileReference; fileEncoding = 4; lastKnownFileType = sourcecode.swift; path = SponsorCell.swift; sourceTree = "<group>"; };
		A4D086E21C4EBE5300F0675A /* NewsViewController.swift */ = {isa = PBXFileReference; fileEncoding = 4; lastKnownFileType = sourcecode.swift; path = NewsViewController.swift; sourceTree = "<group>"; };
		A4D086E41C4EC05300F0675A /* NewsContentViewController.swift */ = {isa = PBXFileReference; fileEncoding = 4; lastKnownFileType = sourcecode.swift; path = NewsContentViewController.swift; sourceTree = "<group>"; };
		A4D086E61C4ECF4000F0675A /* GLTCNews.swift */ = {isa = PBXFileReference; fileEncoding = 4; lastKnownFileType = sourcecode.swift; path = GLTCNews.swift; sourceTree = "<group>"; };
		A4DB2D921C581F1D00219F42 /* ColorUtil.swift */ = {isa = PBXFileReference; fileEncoding = 4; lastKnownFileType = sourcecode.swift; path = ColorUtil.swift; sourceTree = "<group>"; };
		A4DFFDD11C56BC2B00336F21 /* TelanganaHistoryViewController.swift */ = {isa = PBXFileReference; fileEncoding = 4; lastKnownFileType = sourcecode.swift; path = TelanganaHistoryViewController.swift; sourceTree = "<group>"; };
		A4E01D831C557784002DD247 /* VideoCell.swift */ = {isa = PBXFileReference; fileEncoding = 4; lastKnownFileType = sourcecode.swift; path = VideoCell.swift; sourceTree = "<group>"; };
		A4E01D851C557E1A002DD247 /* GLTCVideo.swift */ = {isa = PBXFileReference; fileEncoding = 4; lastKnownFileType = sourcecode.swift; path = GLTCVideo.swift; sourceTree = "<group>"; };
		A4E9F1E11C4F367800389995 /* VideoViewController.swift */ = {isa = PBXFileReference; fileEncoding = 4; lastKnownFileType = sourcecode.swift; path = VideoViewController.swift; sourceTree = "<group>"; };
		A4EBC9131C488FB5007973E3 /* GLTC.app */ = {isa = PBXFileReference; explicitFileType = wrapper.application; includeInIndex = 0; path = GLTC.app; sourceTree = BUILT_PRODUCTS_DIR; };
		A4EBC9161C488FB5007973E3 /* AppDelegate.swift */ = {isa = PBXFileReference; lastKnownFileType = sourcecode.swift; path = AppDelegate.swift; sourceTree = "<group>"; };
		A4EBC9181C488FB5007973E3 /* HomeViewController.swift */ = {isa = PBXFileReference; lastKnownFileType = sourcecode.swift; path = HomeViewController.swift; sourceTree = "<group>"; };
		A4EBC91B1C488FB5007973E3 /* Base */ = {isa = PBXFileReference; lastKnownFileType = file.storyboard; name = Base; path = Base.lproj/Main.storyboard; sourceTree = "<group>"; };
		A4EBC91D1C488FB5007973E3 /* Assets.xcassets */ = {isa = PBXFileReference; lastKnownFileType = folder.assetcatalog; path = Assets.xcassets; sourceTree = "<group>"; };
		A4EBC9201C488FB5007973E3 /* Base */ = {isa = PBXFileReference; lastKnownFileType = file.storyboard; name = Base; path = Base.lproj/LaunchScreen.storyboard; sourceTree = "<group>"; };
		A4EBC9221C488FB5007973E3 /* Info.plist */ = {isa = PBXFileReference; lastKnownFileType = text.plist.xml; path = Info.plist; sourceTree = "<group>"; };
		A4EBC92B1C489045007973E3 /* GLTCCommittee.swift */ = {isa = PBXFileReference; fileEncoding = 4; lastKnownFileType = sourcecode.swift; path = GLTCCommittee.swift; sourceTree = "<group>"; };
		A4EBC92C1C489045007973E3 /* GLTCCommitteeMember.swift */ = {isa = PBXFileReference; fileEncoding = 4; lastKnownFileType = sourcecode.swift; path = GLTCCommitteeMember.swift; sourceTree = "<group>"; };
		A4EBC92F1C48907B007973E3 /* CommitteeMemberCell.swift */ = {isa = PBXFileReference; fileEncoding = 4; lastKnownFileType = sourcecode.swift; path = CommitteeMemberCell.swift; sourceTree = "<group>"; };
		A4EBC9331C4890EA007973E3 /* CommitteViewController.swift */ = {isa = PBXFileReference; fileEncoding = 4; lastKnownFileType = sourcecode.swift; path = CommitteViewController.swift; sourceTree = "<group>"; };
		A4EBC9341C4890EA007973E3 /* ContactUsViewController.swift */ = {isa = PBXFileReference; fileEncoding = 4; lastKnownFileType = sourcecode.swift; path = ContactUsViewController.swift; sourceTree = "<group>"; };
		A4EBC9381C48913C007973E3 /* GLTC-Bridging-Header.h */ = {isa = PBXFileReference; lastKnownFileType = sourcecode.c.h; path = "GLTC-Bridging-Header.h"; sourceTree = "<group>"; };
		A4EBC9391C48913D007973E3 /* SWRevealViewController.h */ = {isa = PBXFileReference; fileEncoding = 4; lastKnownFileType = sourcecode.c.h; path = SWRevealViewController.h; sourceTree = "<group>"; };
		A4EBC93A1C48913D007973E3 /* SWRevealViewController.m */ = {isa = PBXFileReference; fileEncoding = 4; lastKnownFileType = sourcecode.c.objc; path = SWRevealViewController.m; sourceTree = "<group>"; };
		C45475C6ED013930DB6FA45E /* Pods_GLTC.framework */ = {isa = PBXFileReference; explicitFileType = wrapper.framework; includeInIndex = 0; path = Pods_GLTC.framework; sourceTree = BUILT_PRODUCTS_DIR; };
/* End PBXFileReference section */

/* Begin PBXFrameworksBuildPhase section */
		A4EBC9101C488FB5007973E3 /* Frameworks */ = {
			isa = PBXFrameworksBuildPhase;
			buildActionMask = 2147483647;
			files = (
				A9D760AD4B6D0E623A003AA8 /* Pods_GLTC.framework in Frameworks */,
			);
			runOnlyForDeploymentPostprocessing = 0;
		};
/* End PBXFrameworksBuildPhase section */

/* Begin PBXGroup section */
		86954A947F30D450887ECFD2 /* Pods */ = {
			isa = PBXGroup;
			children = (
				1DD81F629387961327E76569 /* Pods-GLTC.debug.xcconfig */,
				4202E7E09DEA4D91EF3EDB5D /* Pods-GLTC.release.xcconfig */,
			);
			name = Pods;
			sourceTree = "<group>";
		};
		A43137A81C502627001FEB75 /* Resources */ = {
			isa = PBXGroup;
			children = (
				A408315B1C5A8C840008EC9F /* loader_green.gif */,
				A4AFCBB61C57DDE8000ACE4E /* gltc_calendar_2016.pdf */,
				A43137A91C502642001FEB75 /* gltc_bylaws.pdf */,
			);
			name = Resources;
			sourceTree = "<group>";
		};
		A4721EF01C4FFA9B00EB62AC /* Service */ = {
			isa = PBXGroup;
			children = (
				A4721EF11C4FFADC00EB62AC /* GLTCDataLoader.swift */,
			);
			name = Service;
			sourceTree = "<group>";
		};
		A4DB2D911C581EDE00219F42 /* Util */ = {
			isa = PBXGroup;
			children = (
				A4DB2D921C581F1D00219F42 /* ColorUtil.swift */,
				A41FEF621C596DDC00ADB864 /* GLTCConstants.swift */,
			);
			name = Util;
			sourceTree = "<group>";
		};
		A4EBC90A1C488FB5007973E3 = {
			isa = PBXGroup;
			children = (
				A4EBC9151C488FB5007973E3 /* GLTC */,
				A4EBC9141C488FB5007973E3 /* Products */,
				86954A947F30D450887ECFD2 /* Pods */,
				C491B551D407A7A243C31C28 /* Frameworks */,
			);
			sourceTree = "<group>";
		};
		A4EBC9141C488FB5007973E3 /* Products */ = {
			isa = PBXGroup;
			children = (
				A4EBC9131C488FB5007973E3 /* GLTC.app */,
			);
			name = Products;
			sourceTree = "<group>";
		};
		A4EBC9151C488FB5007973E3 /* GLTC */ = {
			isa = PBXGroup;
			children = (
				A4EBC9281C488FE5007973E3 /* Model */,
				A4EBC9291C488FF1007973E3 /* View */,
				A4EBC92A1C488FF8007973E3 /* Controller */,
				A4EBC9371C489118007973E3 /* SWRevealViewController */,
				A4721EF01C4FFA9B00EB62AC /* Service */,
				A4DB2D911C581EDE00219F42 /* Util */,
				A43137A81C502627001FEB75 /* Resources */,
				A4EBC9161C488FB5007973E3 /* AppDelegate.swift */,
				A4EBC91A1C488FB5007973E3 /* Main.storyboard */,
				A4EBC91D1C488FB5007973E3 /* Assets.xcassets */,
				A4EBC91F1C488FB5007973E3 /* LaunchScreen.storyboard */,
				A4EBC9221C488FB5007973E3 /* Info.plist */,
			);
			path = GLTC;
			sourceTree = "<group>";
		};
		A4EBC9281C488FE5007973E3 /* Model */ = {
			isa = PBXGroup;
			children = (
				A4D086E61C4ECF4000F0675A /* GLTCNews.swift */,
				A4EBC92B1C489045007973E3 /* GLTCCommittee.swift */,
				A4EBC92C1C489045007973E3 /* GLTCCommitteeMember.swift */,
				A4C9EEAA1C494C3800B7067E /* GLTCSponsor.swift */,
				A482AC2D1C50728B00892F16 /* GLTCEvent.swift */,
				A4E01D851C557E1A002DD247 /* GLTCVideo.swift */,
			);
			name = Model;
			sourceTree = "<group>";
		};
		A4EBC9291C488FF1007973E3 /* View */ = {
			isa = PBXGroup;
			children = (
				A4C9EEAC1C4951BC00B7067E /* SponsorCell.swift */,
				A4EBC92F1C48907B007973E3 /* CommitteeMemberCell.swift */,
				A47262C01C49A6FE007DE47C /* RoundedButton.swift */,
				A4E01D831C557784002DD247 /* VideoCell.swift */,
			);
			name = View;
			sourceTree = "<group>";
		};
		A4EBC92A1C488FF8007973E3 /* Controller */ = {
			isa = PBXGroup;
			children = (
				A4C9EEA81C494BC200B7067E /* SponsorsViewController.swift */,
				A4EBC9331C4890EA007973E3 /* CommitteViewController.swift */,
				A4EBC9341C4890EA007973E3 /* ContactUsViewController.swift */,
				A4EBC9181C488FB5007973E3 /* HomeViewController.swift */,
				A4D086E21C4EBE5300F0675A /* NewsViewController.swift */,
				A4D086E41C4EC05300F0675A /* NewsContentViewController.swift */,
				A4E9F1E11C4F367800389995 /* VideoViewController.swift */,
				A43137AB1C502689001FEB75 /* BylawsViewController.swift */,
				A482AC2B1C50721400892F16 /* EventsViewController.swift */,
				A482AC2F1C5073A100892F16 /* EventsContentViewController.swift */,
				A42E22801C5156C1000171BB /* CreditsViewController.swift */,
				A4DFFDD11C56BC2B00336F21 /* TelanganaHistoryViewController.swift */,
				A4AFCBB41C57DDBB000ACE4E /* CalendarViewController.swift */,
			);
			name = Controller;
			sourceTree = "<group>";
		};
		A4EBC9371C489118007973E3 /* SWRevealViewController */ = {
			isa = PBXGroup;
			children = (
				A4EBC9391C48913D007973E3 /* SWRevealViewController.h */,
				A4EBC93A1C48913D007973E3 /* SWRevealViewController.m */,
				A4EBC9381C48913C007973E3 /* GLTC-Bridging-Header.h */,
			);
			name = SWRevealViewController;
			sourceTree = "<group>";
		};
		C491B551D407A7A243C31C28 /* Frameworks */ = {
			isa = PBXGroup;
			children = (
				A40831571C5A87380008EC9F /* ImageIO.framework */,
				C45475C6ED013930DB6FA45E /* Pods_GLTC.framework */,
			);
			name = Frameworks;
			sourceTree = "<group>";
		};
/* End PBXGroup section */

/* Begin PBXNativeTarget section */
		A4EBC9121C488FB5007973E3 /* GLTC */ = {
			isa = PBXNativeTarget;
			buildConfigurationList = A4EBC9251C488FB5007973E3 /* Build configuration list for PBXNativeTarget "GLTC" */;
			buildPhases = (
				E9D33EA1B6EA819CE64A4268 /* Check Pods Manifest.lock */,
				A4EBC90F1C488FB5007973E3 /* Sources */,
				A4EBC9101C488FB5007973E3 /* Frameworks */,
				A4EBC9111C488FB5007973E3 /* Resources */,
				2044DDDA55AC7D4969B5126B /* Embed Pods Frameworks */,
				466A8D4B27716520D888639D /* Copy Pods Resources */,
			);
			buildRules = (
			);
			dependencies = (
			);
			name = GLTC;
			productName = GLTC;
			productReference = A4EBC9131C488FB5007973E3 /* GLTC.app */;
			productType = "com.apple.product-type.application";
		};
/* End PBXNativeTarget section */

/* Begin PBXProject section */
		A4EBC90B1C488FB5007973E3 /* Project object */ = {
			isa = PBXProject;
			attributes = {
				LastSwiftUpdateCheck = 0720;
				LastUpgradeCheck = 0720;
				ORGANIZATIONNAME = "Darshan Labs";
				TargetAttributes = {
					A4EBC9121C488FB5007973E3 = {
						CreatedOnToolsVersion = 7.2;
						DevelopmentTeam = KNRDXN44RW;
					};
				};
			};
			buildConfigurationList = A4EBC90E1C488FB5007973E3 /* Build configuration list for PBXProject "GLTC" */;
			compatibilityVersion = "Xcode 3.2";
			developmentRegion = English;
			hasScannedForEncodings = 0;
			knownRegions = (
				en,
				Base,
			);
			mainGroup = A4EBC90A1C488FB5007973E3;
			productRefGroup = A4EBC9141C488FB5007973E3 /* Products */;
			projectDirPath = "";
			projectRoot = "";
			targets = (
				A4EBC9121C488FB5007973E3 /* GLTC */,
			);
		};
/* End PBXProject section */

/* Begin PBXResourcesBuildPhase section */
		A4EBC9111C488FB5007973E3 /* Resources */ = {
			isa = PBXResourcesBuildPhase;
			buildActionMask = 2147483647;
			files = (
				A43137AA1C502642001FEB75 /* gltc_bylaws.pdf in Resources */,
				A4EBC9211C488FB5007973E3 /* LaunchScreen.storyboard in Resources */,
				A4AFCBB71C57DDE8000ACE4E /* gltc_calendar_2016.pdf in Resources */,
				A4EBC91E1C488FB5007973E3 /* Assets.xcassets in Resources */,
				A4EBC91C1C488FB5007973E3 /* Main.storyboard in Resources */,
				A408315C1C5A8C840008EC9F /* loader_green.gif in Resources */,
			);
			runOnlyForDeploymentPostprocessing = 0;
		};
/* End PBXResourcesBuildPhase section */

/* Begin PBXShellScriptBuildPhase section */
		2044DDDA55AC7D4969B5126B /* Embed Pods Frameworks */ = {
			isa = PBXShellScriptBuildPhase;
			buildActionMask = 2147483647;
			files = (
			);
			inputPaths = (
			);
			name = "Embed Pods Frameworks";
			outputPaths = (
			);
			runOnlyForDeploymentPostprocessing = 0;
			shellPath = /bin/sh;
			shellScript = "\"${SRCROOT}/Pods/Target Support Files/Pods-GLTC/Pods-GLTC-frameworks.sh\"\n";
			showEnvVarsInLog = 0;
		};
		466A8D4B27716520D888639D /* Copy Pods Resources */ = {
			isa = PBXShellScriptBuildPhase;
			buildActionMask = 2147483647;
			files = (
			);
			inputPaths = (
			);
			name = "Copy Pods Resources";
			outputPaths = (
			);
			runOnlyForDeploymentPostprocessing = 0;
			shellPath = /bin/sh;
			shellScript = "\"${SRCROOT}/Pods/Target Support Files/Pods-GLTC/Pods-GLTC-resources.sh\"\n";
			showEnvVarsInLog = 0;
		};
		E9D33EA1B6EA819CE64A4268 /* Check Pods Manifest.lock */ = {
			isa = PBXShellScriptBuildPhase;
			buildActionMask = 2147483647;
			files = (
			);
			inputPaths = (
			);
			name = "Check Pods Manifest.lock";
			outputPaths = (
			);
			runOnlyForDeploymentPostprocessing = 0;
			shellPath = /bin/sh;
			shellScript = "diff \"${PODS_ROOT}/../Podfile.lock\" \"${PODS_ROOT}/Manifest.lock\" > /dev/null\nif [[ $? != 0 ]] ; then\n    cat << EOM\nerror: The sandbox is not in sync with the Podfile.lock. Run 'pod install' or update your CocoaPods installation.\nEOM\n    exit 1\nfi\n";
			showEnvVarsInLog = 0;
		};
/* End PBXShellScriptBuildPhase section */

/* Begin PBXSourcesBuildPhase section */
		A4EBC90F1C488FB5007973E3 /* Sources */ = {
			isa = PBXSourcesBuildPhase;
			buildActionMask = 2147483647;
			files = (
				A4721EF21C4FFADC00EB62AC /* GLTCDataLoader.swift in Sources */,
				A41FEF631C596DDC00ADB864 /* GLTCConstants.swift in Sources */,
				A43137AC1C502689001FEB75 /* BylawsViewController.swift in Sources */,
				A4D086E71C4ECF4000F0675A /* GLTCNews.swift in Sources */,
				A4C9EEAD1C4951BC00B7067E /* SponsorCell.swift in Sources */,
				A4E9F1E21C4F367800389995 /* VideoViewController.swift in Sources */,
				A4EBC9191C488FB5007973E3 /* HomeViewController.swift in Sources */,
				A4EBC9301C48907B007973E3 /* CommitteeMemberCell.swift in Sources */,
				A42E22811C5156C1000171BB /* CreditsViewController.swift in Sources */,
				A4EBC92D1C489045007973E3 /* GLTCCommittee.swift in Sources */,
				A4E01D861C557E1A002DD247 /* GLTCVideo.swift in Sources */,
				A4EBC9361C4890EA007973E3 /* ContactUsViewController.swift in Sources */,
				A4DFFDD21C56BC2B00336F21 /* TelanganaHistoryViewController.swift in Sources */,
				A482AC2C1C50721400892F16 /* EventsViewController.swift in Sources */,
				A4C9EEA91C494BC200B7067E /* SponsorsViewController.swift in Sources */,
				A4C9EEAB1C494C3800B7067E /* GLTCSponsor.swift in Sources */,
				A4EBC93B1C48913D007973E3 /* SWRevealViewController.m in Sources */,
				A4EBC9351C4890EA007973E3 /* CommitteViewController.swift in Sources */,
				A47262C11C49A6FE007DE47C /* RoundedButton.swift in Sources */,
				A4DB2D931C581F1D00219F42 /* ColorUtil.swift in Sources */,
				A4E01D841C557784002DD247 /* VideoCell.swift in Sources */,
				A4D086E31C4EBE5300F0675A /* NewsViewController.swift in Sources */,
				A4EBC9171C488FB5007973E3 /* AppDelegate.swift in Sources */,
				A4EBC92E1C489045007973E3 /* GLTCCommitteeMember.swift in Sources */,
				A4D086E51C4EC05300F0675A /* NewsContentViewController.swift in Sources */,
				A4AFCBB51C57DDBB000ACE4E /* CalendarViewController.swift in Sources */,
				A482AC2E1C50728B00892F16 /* GLTCEvent.swift in Sources */,
				A482AC301C5073A100892F16 /* EventsContentViewController.swift in Sources */,
			);
			runOnlyForDeploymentPostprocessing = 0;
		};
/* End PBXSourcesBuildPhase section */

/* Begin PBXVariantGroup section */
		A4EBC91A1C488FB5007973E3 /* Main.storyboard */ = {
			isa = PBXVariantGroup;
			children = (
				A4EBC91B1C488FB5007973E3 /* Base */,
			);
			name = Main.storyboard;
			sourceTree = "<group>";
		};
		A4EBC91F1C488FB5007973E3 /* LaunchScreen.storyboard */ = {
			isa = PBXVariantGroup;
			children = (
				A4EBC9201C488FB5007973E3 /* Base */,
			);
			name = LaunchScreen.storyboard;
			sourceTree = "<group>";
		};
/* End PBXVariantGroup section */

/* Begin XCBuildConfiguration section */
		A4EBC9231C488FB5007973E3 /* Debug */ = {
			isa = XCBuildConfiguration;
			buildSettings = {
				ALWAYS_SEARCH_USER_PATHS = NO;
				CLANG_CXX_LANGUAGE_STANDARD = "gnu++0x";
				CLANG_CXX_LIBRARY = "libc++";
				CLANG_ENABLE_MODULES = YES;
				CLANG_ENABLE_OBJC_ARC = YES;
				CLANG_WARN_BOOL_CONVERSION = YES;
				CLANG_WARN_CONSTANT_CONVERSION = YES;
				CLANG_WARN_DIRECT_OBJC_ISA_USAGE = YES_ERROR;
				CLANG_WARN_EMPTY_BODY = YES;
				CLANG_WARN_ENUM_CONVERSION = YES;
				CLANG_WARN_INT_CONVERSION = YES;
				CLANG_WARN_OBJC_ROOT_CLASS = YES_ERROR;
				CLANG_WARN_UNREACHABLE_CODE = YES;
				CLANG_WARN__DUPLICATE_METHOD_MATCH = YES;
				"CODE_SIGN_IDENTITY[sdk=iphoneos*]" = "iPhone Developer";
				COPY_PHASE_STRIP = NO;
				DEBUG_INFORMATION_FORMAT = dwarf;
				ENABLE_STRICT_OBJC_MSGSEND = YES;
				ENABLE_TESTABILITY = YES;
				GCC_C_LANGUAGE_STANDARD = gnu99;
				GCC_DYNAMIC_NO_PIC = NO;
				GCC_NO_COMMON_BLOCKS = YES;
				GCC_OPTIMIZATION_LEVEL = 0;
				GCC_PREPROCESSOR_DEFINITIONS = (
					"DEBUG=1",
					"$(inherited)",
				);
				GCC_WARN_64_TO_32_BIT_CONVERSION = YES;
				GCC_WARN_ABOUT_RETURN_TYPE = YES_ERROR;
				GCC_WARN_UNDECLARED_SELECTOR = YES;
				GCC_WARN_UNINITIALIZED_AUTOS = YES_AGGRESSIVE;
				GCC_WARN_UNUSED_FUNCTION = YES;
				GCC_WARN_UNUSED_VARIABLE = YES;
				IPHONEOS_DEPLOYMENT_TARGET = 9.2;
				MTL_ENABLE_DEBUG_INFO = YES;
				ONLY_ACTIVE_ARCH = YES;
				SDKROOT = iphoneos;
				SWIFT_OPTIMIZATION_LEVEL = "-Onone";
				TARGETED_DEVICE_FAMILY = "1,2";
			};
			name = Debug;
		};
		A4EBC9241C488FB5007973E3 /* Release */ = {
			isa = XCBuildConfiguration;
			buildSettings = {
				ALWAYS_SEARCH_USER_PATHS = NO;
				CLANG_CXX_LANGUAGE_STANDARD = "gnu++0x";
				CLANG_CXX_LIBRARY = "libc++";
				CLANG_ENABLE_MODULES = YES;
				CLANG_ENABLE_OBJC_ARC = YES;
				CLANG_WARN_BOOL_CONVERSION = YES;
				CLANG_WARN_CONSTANT_CONVERSION = YES;
				CLANG_WARN_DIRECT_OBJC_ISA_USAGE = YES_ERROR;
				CLANG_WARN_EMPTY_BODY = YES;
				CLANG_WARN_ENUM_CONVERSION = YES;
				CLANG_WARN_INT_CONVERSION = YES;
				CLANG_WARN_OBJC_ROOT_CLASS = YES_ERROR;
				CLANG_WARN_UNREACHABLE_CODE = YES;
				CLANG_WARN__DUPLICATE_METHOD_MATCH = YES;
				"CODE_SIGN_IDENTITY[sdk=iphoneos*]" = "iPhone Developer";
				COPY_PHASE_STRIP = NO;
				DEBUG_INFORMATION_FORMAT = "dwarf-with-dsym";
				ENABLE_NS_ASSERTIONS = NO;
				ENABLE_STRICT_OBJC_MSGSEND = YES;
				GCC_C_LANGUAGE_STANDARD = gnu99;
				GCC_NO_COMMON_BLOCKS = YES;
				GCC_WARN_64_TO_32_BIT_CONVERSION = YES;
				GCC_WARN_ABOUT_RETURN_TYPE = YES_ERROR;
				GCC_WARN_UNDECLARED_SELECTOR = YES;
				GCC_WARN_UNINITIALIZED_AUTOS = YES_AGGRESSIVE;
				GCC_WARN_UNUSED_FUNCTION = YES;
				GCC_WARN_UNUSED_VARIABLE = YES;
				IPHONEOS_DEPLOYMENT_TARGET = 9.2;
				MTL_ENABLE_DEBUG_INFO = NO;
				SDKROOT = iphoneos;
				TARGETED_DEVICE_FAMILY = "1,2";
				VALIDATE_PRODUCT = YES;
			};
			name = Release;
		};
		A4EBC9261C488FB5007973E3 /* Debug */ = {
			isa = XCBuildConfiguration;
			baseConfigurationReference = 1DD81F629387961327E76569 /* Pods-GLTC.debug.xcconfig */;
			buildSettings = {
				ASSETCATALOG_COMPILER_APPICON_NAME = AppIcon;
				CLANG_ENABLE_MODULES = YES;
				INFOPLIST_FILE = GLTC/Info.plist;
				LD_RUNPATH_SEARCH_PATHS = "$(inherited) @executable_path/Frameworks";
				PRODUCT_BUNDLE_IDENTIFIER = com.darshan.GLTC;
				PRODUCT_NAME = "$(TARGET_NAME)";
				SWIFT_OBJC_BRIDGING_HEADER = "GLTC/GLTC-Bridging-Header.h";
				SWIFT_OPTIMIZATION_LEVEL = "-Onone";
			};
			name = Debug;
		};
		A4EBC9271C488FB5007973E3 /* Release */ = {
			isa = XCBuildConfiguration;
			baseConfigurationReference = 4202E7E09DEA4D91EF3EDB5D /* Pods-GLTC.release.xcconfig */;
			buildSettings = {
				ASSETCATALOG_COMPILER_APPICON_NAME = AppIcon;
				CLANG_ENABLE_MODULES = YES;
				INFOPLIST_FILE = GLTC/Info.plist;
				LD_RUNPATH_SEARCH_PATHS = "$(inherited) @executable_path/Frameworks";
				PRODUCT_BUNDLE_IDENTIFIER = com.darshan.GLTC;
				PRODUCT_NAME = "$(TARGET_NAME)";
				SWIFT_OBJC_BRIDGING_HEADER = "GLTC/GLTC-Bridging-Header.h";
			};
			name = Release;
		};
/* End XCBuildConfiguration section */

/* Begin XCConfigurationList section */
		A4EBC90E1C488FB5007973E3 /* Build configuration list for PBXProject "GLTC" */ = {
			isa = XCConfigurationList;
			buildConfigurations = (
				A4EBC9231C488FB5007973E3 /* Debug */,
				A4EBC9241C488FB5007973E3 /* Release */,
			);
			defaultConfigurationIsVisible = 0;
			defaultConfigurationName = Release;
		};
		A4EBC9251C488FB5007973E3 /* Build configuration list for PBXNativeTarget "GLTC" */ = {
			isa = XCConfigurationList;
			buildConfigurations = (
				A4EBC9261C488FB5007973E3 /* Debug */,
				A4EBC9271C488FB5007973E3 /* Release */,
			);
			defaultConfigurationIsVisible = 0;
			defaultConfigurationName = Release;
		};
/* End XCConfigurationList section */
	};
	rootObject = A4EBC90B1C488FB5007973E3 /* Project object */;
}
